// !$*UTF8*$!
{
	archiveVersion = 1;
	classes = {
	};
	objectVersion = 46;
	objects = {

/* Begin PBXBuildFile section */
		961633CA1CE2B93400628B74 /* DateFormatter.swift in Sources */ = {isa = PBXBuildFile; fileRef = 961633C91CE2B93400628B74 /* DateFormatter.swift */; };
		962124981CE03E8000DB4A37 /* FileDownloader.swift in Sources */ = {isa = PBXBuildFile; fileRef = 962124971CE03E8000DB4A37 /* FileDownloader.swift */; };
		964F4C811CA4CF7B00C69B71 /* AppDelegate.swift in Sources */ = {isa = PBXBuildFile; fileRef = 964F4C801CA4CF7B00C69B71 /* AppDelegate.swift */; };
		964F4C851CA4CF7B00C69B71 /* SecondViewController.swift in Sources */ = {isa = PBXBuildFile; fileRef = 964F4C841CA4CF7B00C69B71 /* SecondViewController.swift */; };
		964F4C881CA4CF7B00C69B71 /* Main.storyboard in Resources */ = {isa = PBXBuildFile; fileRef = 964F4C861CA4CF7B00C69B71 /* Main.storyboard */; };
		964F4C8A1CA4CF7B00C69B71 /* Assets.xcassets in Resources */ = {isa = PBXBuildFile; fileRef = 964F4C891CA4CF7B00C69B71 /* Assets.xcassets */; };
		964F4C8D1CA4CF7B00C69B71 /* LaunchScreen.storyboard in Resources */ = {isa = PBXBuildFile; fileRef = 964F4C8B1CA4CF7B00C69B71 /* LaunchScreen.storyboard */; };
		964F4C981CA4CF7B00C69B71 /* MelmelTests.swift in Sources */ = {isa = PBXBuildFile; fileRef = 964F4C971CA4CF7B00C69B71 /* MelmelTests.swift */; };
		964F4CA31CA4CF7B00C69B71 /* MelmelUITests.swift in Sources */ = {isa = PBXBuildFile; fileRef = 964F4CA21CA4CF7B00C69B71 /* MelmelUITests.swift */; };
		965488411CEAB5F30009AF14 /* DiscountAnnotation.swift in Sources */ = {isa = PBXBuildFile; fileRef = 965488401CEAB5F30009AF14 /* DiscountAnnotation.swift */; };
		965AEF7A1CE9529700D2BB0A /* MapKit.framework in Frameworks */ = {isa = PBXBuildFile; fileRef = 965AEF791CE9529700D2BB0A /* MapKit.framework */; };
		965AEF7E1CE955B200D2BB0A /* MapViewCtrl.swift in Sources */ = {isa = PBXBuildFile; fileRef = 965AEF7D1CE955B200D2BB0A /* MapViewCtrl.swift */; };
		965AEF801CE959D800D2BB0A /* melmelLocation.gpx in Resources */ = {isa = PBXBuildFile; fileRef = 965AEF7F1CE959D800D2BB0A /* melmelLocation.gpx */; };
		965AEF821CE986ED00D2BB0A /* LOGO-retina.png in Resources */ = {isa = PBXBuildFile; fileRef = 965AEF811CE986EC00D2BB0A /* LOGO-retina.png */; };
		965AEF891CE9ACA800D2BB0A /* Discount+CoreDataProperties.swift in Sources */ = {isa = PBXBuildFile; fileRef = 965AEF871CE9ACA800D2BB0A /* Discount+CoreDataProperties.swift */; };
		965AEF8A1CE9ACA800D2BB0A /* Discount.swift in Sources */ = {isa = PBXBuildFile; fileRef = 965AEF881CE9ACA800D2BB0A /* Discount.swift */; };
		966E8B321CDF603D004C4260 /* PostsUpdateUtility.swift in Sources */ = {isa = PBXBuildFile; fileRef = 966E8B311CDF603D004C4260 /* PostsUpdateUtility.swift */; };
		966E8B341CDF6C8D004C4260 /* PostWebViewController.swift in Sources */ = {isa = PBXBuildFile; fileRef = 966E8B331CDF6C8D004C4260 /* PostWebViewController.swift */; };
		967E73C31CD72D1800A63BFB /* APIHelper.swift in Sources */ = {isa = PBXBuildFile; fileRef = 967E73C21CD72D1800A63BFB /* APIHelper.swift */; };
		96BAECFA1CE21410008B3B70 /* Post.swift in Sources */ = {isa = PBXBuildFile; fileRef = 96BAECF61CE21410008B3B70 /* Post.swift */; };
		96BE5A0A1CEFED6200C6BC3D /* PhotoOperations.swift in Sources */ = {isa = PBXBuildFile; fileRef = 96BE5A091CEFED6200C6BC3D /* PhotoOperations.swift */; };
		96BF580F1CAA46D0006D6CB6 /* woolworths-fresh-produce-section-instore.jpg in Resources */ = {isa = PBXBuildFile; fileRef = 96BF580E1CAA46D0006D6CB6 /* woolworths-fresh-produce-section-instore.jpg */; };
		96BF58121CAA4B72006D6CB6 /* MelGuideTableViewCell.swift in Sources */ = {isa = PBXBuildFile; fileRef = 96BF58111CAA4B72006D6CB6 /* MelGuideTableViewCell.swift */; };
		96CB14EE1CE46047006B5DD1 /* Media+CoreDataProperties.swift in Sources */ = {isa = PBXBuildFile; fileRef = 96CB14EC1CE46047006B5DD1 /* Media+CoreDataProperties.swift */; };
		96CB14EF1CE46047006B5DD1 /* Media.swift in Sources */ = {isa = PBXBuildFile; fileRef = 96CB14ED1CE46047006B5DD1 /* Media.swift */; };
		96E988191CAB6141005E9E68 /* MelGuideTableViewController.swift in Sources */ = {isa = PBXBuildFile; fileRef = 96E988181CAB6141005E9E68 /* MelGuideTableViewController.swift */; };
		96F56B481CF049A2009E2F0B /* Post+CoreDataProperties.swift in Sources */ = {isa = PBXBuildFile; fileRef = 96F56B471CF049A2009E2F0B /* Post+CoreDataProperties.swift */; };
		96FC174F1CAE2CA5002F8817 /* Melmel.xcdatamodeld in Sources */ = {isa = PBXBuildFile; fileRef = 96FC174D1CAE2CA5002F8817 /* Melmel.xcdatamodeld */; };
/* End PBXBuildFile section */

/* Begin PBXContainerItemProxy section */
		964F4C941CA4CF7B00C69B71 /* PBXContainerItemProxy */ = {
			isa = PBXContainerItemProxy;
			containerPortal = 964F4C751CA4CF7B00C69B71 /* Project object */;
			proxyType = 1;
			remoteGlobalIDString = 964F4C7C1CA4CF7B00C69B71;
			remoteInfo = Melmel;
		};
		964F4C9F1CA4CF7B00C69B71 /* PBXContainerItemProxy */ = {
			isa = PBXContainerItemProxy;
			containerPortal = 964F4C751CA4CF7B00C69B71 /* Project object */;
			proxyType = 1;
			remoteGlobalIDString = 964F4C7C1CA4CF7B00C69B71;
			remoteInfo = Melmel;
		};
/* End PBXContainerItemProxy section */

/* Begin PBXFileReference section */
		961633C91CE2B93400628B74 /* DateFormatter.swift */ = {isa = PBXFileReference; fileEncoding = 4; lastKnownFileType = sourcecode.swift; path = DateFormatter.swift; sourceTree = "<group>"; };
		962124971CE03E8000DB4A37 /* FileDownloader.swift */ = {isa = PBXFileReference; fileEncoding = 4; lastKnownFileType = sourcecode.swift; name = FileDownloader.swift; path = Melmel/FileDownloader.swift; sourceTree = "<group>"; };
		964F4C7D1CA4CF7B00C69B71 /* Melmel.app */ = {isa = PBXFileReference; explicitFileType = wrapper.application; includeInIndex = 0; path = Melmel.app; sourceTree = BUILT_PRODUCTS_DIR; };
		964F4C801CA4CF7B00C69B71 /* AppDelegate.swift */ = {isa = PBXFileReference; lastKnownFileType = sourcecode.swift; path = AppDelegate.swift; sourceTree = "<group>"; };
		964F4C841CA4CF7B00C69B71 /* SecondViewController.swift */ = {isa = PBXFileReference; lastKnownFileType = sourcecode.swift; path = SecondViewController.swift; sourceTree = "<group>"; };
		964F4C871CA4CF7B00C69B71 /* Base */ = {isa = PBXFileReference; lastKnownFileType = file.storyboard; name = Base; path = Base.lproj/Main.storyboard; sourceTree = "<group>"; };
		964F4C891CA4CF7B00C69B71 /* Assets.xcassets */ = {isa = PBXFileReference; lastKnownFileType = folder.assetcatalog; path = Assets.xcassets; sourceTree = "<group>"; };
		964F4C8C1CA4CF7B00C69B71 /* Base */ = {isa = PBXFileReference; lastKnownFileType = file.storyboard; name = Base; path = Base.lproj/LaunchScreen.storyboard; sourceTree = "<group>"; };
		964F4C8E1CA4CF7B00C69B71 /* Info.plist */ = {isa = PBXFileReference; lastKnownFileType = text.plist.xml; path = Info.plist; sourceTree = "<group>"; };
		964F4C931CA4CF7B00C69B71 /* MelmelTests.xctest */ = {isa = PBXFileReference; explicitFileType = wrapper.cfbundle; includeInIndex = 0; path = MelmelTests.xctest; sourceTree = BUILT_PRODUCTS_DIR; };
		964F4C971CA4CF7B00C69B71 /* MelmelTests.swift */ = {isa = PBXFileReference; lastKnownFileType = sourcecode.swift; path = MelmelTests.swift; sourceTree = "<group>"; };
		964F4C991CA4CF7B00C69B71 /* Info.plist */ = {isa = PBXFileReference; lastKnownFileType = text.plist.xml; path = Info.plist; sourceTree = "<group>"; };
		964F4C9E1CA4CF7B00C69B71 /* MelmelUITests.xctest */ = {isa = PBXFileReference; explicitFileType = wrapper.cfbundle; includeInIndex = 0; path = MelmelUITests.xctest; sourceTree = BUILT_PRODUCTS_DIR; };
		964F4CA21CA4CF7B00C69B71 /* MelmelUITests.swift */ = {isa = PBXFileReference; lastKnownFileType = sourcecode.swift; path = MelmelUITests.swift; sourceTree = "<group>"; };
		964F4CA41CA4CF7B00C69B71 /* Info.plist */ = {isa = PBXFileReference; lastKnownFileType = text.plist.xml; path = Info.plist; sourceTree = "<group>"; };
		965488401CEAB5F30009AF14 /* DiscountAnnotation.swift */ = {isa = PBXFileReference; fileEncoding = 4; lastKnownFileType = sourcecode.swift; path = DiscountAnnotation.swift; sourceTree = "<group>"; };
		965AEF791CE9529700D2BB0A /* MapKit.framework */ = {isa = PBXFileReference; lastKnownFileType = wrapper.framework; name = MapKit.framework; path = System/Library/Frameworks/MapKit.framework; sourceTree = SDKROOT; };
		965AEF7D1CE955B200D2BB0A /* MapViewCtrl.swift */ = {isa = PBXFileReference; fileEncoding = 4; lastKnownFileType = sourcecode.swift; path = MapViewCtrl.swift; sourceTree = "<group>"; };
		965AEF7F1CE959D800D2BB0A /* melmelLocation.gpx */ = {isa = PBXFileReference; fileEncoding = 4; lastKnownFileType = text.xml; path = melmelLocation.gpx; sourceTree = "<group>"; };
		965AEF811CE986EC00D2BB0A /* LOGO-retina.png */ = {isa = PBXFileReference; lastKnownFileType = image.png; path = "LOGO-retina.png"; sourceTree = "<group>"; };
		965AEF871CE9ACA800D2BB0A /* Discount+CoreDataProperties.swift */ = {isa = PBXFileReference; fileEncoding = 4; lastKnownFileType = sourcecode.swift; path = "Discount+CoreDataProperties.swift"; sourceTree = "<group>"; };
		965AEF881CE9ACA800D2BB0A /* Discount.swift */ = {isa = PBXFileReference; fileEncoding = 4; lastKnownFileType = sourcecode.swift; path = Discount.swift; sourceTree = "<group>"; };
		966E8B311CDF603D004C4260 /* PostsUpdateUtility.swift */ = {isa = PBXFileReference; fileEncoding = 4; lastKnownFileType = sourcecode.swift; path = PostsUpdateUtility.swift; sourceTree = "<group>"; };
		966E8B331CDF6C8D004C4260 /* PostWebViewController.swift */ = {isa = PBXFileReference; fileEncoding = 4; lastKnownFileType = sourcecode.swift; name = PostWebViewController.swift; path = Melmel/PostWebViewController.swift; sourceTree = "<group>"; };
		967E73C21CD72D1800A63BFB /* APIHelper.swift */ = {isa = PBXFileReference; fileEncoding = 4; lastKnownFileType = sourcecode.swift; name = APIHelper.swift; path = Melmel/APIHelper.swift; sourceTree = "<group>"; };
		96BAECF61CE21410008B3B70 /* Post.swift */ = {isa = PBXFileReference; fileEncoding = 4; lastKnownFileType = sourcecode.swift; path = Post.swift; sourceTree = "<group>"; };
		96BE5A091CEFED6200C6BC3D /* PhotoOperations.swift */ = {isa = PBXFileReference; fileEncoding = 4; lastKnownFileType = sourcecode.swift; path = PhotoOperations.swift; sourceTree = "<group>"; };
		96BF580E1CAA46D0006D6CB6 /* woolworths-fresh-produce-section-instore.jpg */ = {isa = PBXFileReference; lastKnownFileType = image.jpeg; name = "woolworths-fresh-produce-section-instore.jpg"; path = "Melmel/woolworths-fresh-produce-section-instore.jpg"; sourceTree = "<group>"; };
		96BF58111CAA4B72006D6CB6 /* MelGuideTableViewCell.swift */ = {isa = PBXFileReference; fileEncoding = 4; lastKnownFileType = sourcecode.swift; name = MelGuideTableViewCell.swift; path = Melmel/MelGuideTableViewCell.swift; sourceTree = "<group>"; };
		96CB14EC1CE46047006B5DD1 /* Media+CoreDataProperties.swift */ = {isa = PBXFileReference; fileEncoding = 4; lastKnownFileType = sourcecode.swift; path = "Media+CoreDataProperties.swift"; sourceTree = "<group>"; };
		96CB14ED1CE46047006B5DD1 /* Media.swift */ = {isa = PBXFileReference; fileEncoding = 4; lastKnownFileType = sourcecode.swift; path = Media.swift; sourceTree = "<group>"; };
		96E988181CAB6141005E9E68 /* MelGuideTableViewController.swift */ = {isa = PBXFileReference; fileEncoding = 4; lastKnownFileType = sourcecode.swift; name = MelGuideTableViewController.swift; path = Melmel/MelGuideTableViewController.swift; sourceTree = "<group>"; };
		96F56B471CF049A2009E2F0B /* Post+CoreDataProperties.swift */ = {isa = PBXFileReference; fileEncoding = 4; lastKnownFileType = sourcecode.swift; path = "Post+CoreDataProperties.swift"; sourceTree = "<group>"; };
		96FC174E1CAE2CA5002F8817 /* Melmel.xcdatamodel */ = {isa = PBXFileReference; lastKnownFileType = wrapper.xcdatamodel; path = Melmel.xcdatamodel; sourceTree = "<group>"; };
/* End PBXFileReference section */

/* Begin PBXFrameworksBuildPhase section */
		964F4C7A1CA4CF7B00C69B71 /* Frameworks */ = {
			isa = PBXFrameworksBuildPhase;
			buildActionMask = 2147483647;
			files = (
				965AEF7A1CE9529700D2BB0A /* MapKit.framework in Frameworks */,
			);
			runOnlyForDeploymentPostprocessing = 0;
		};
		964F4C901CA4CF7B00C69B71 /* Frameworks */ = {
			isa = PBXFrameworksBuildPhase;
			buildActionMask = 2147483647;
			files = (
			);
			runOnlyForDeploymentPostprocessing = 0;
		};
		964F4C9B1CA4CF7B00C69B71 /* Frameworks */ = {
			isa = PBXFrameworksBuildPhase;
			buildActionMask = 2147483647;
			files = (
			);
			runOnlyForDeploymentPostprocessing = 0;
		};
/* End PBXFrameworksBuildPhase section */

/* Begin PBXGroup section */
		964F4C741CA4CF7B00C69B71 = {
			isa = PBXGroup;
			children = (
				965AEF7F1CE959D800D2BB0A /* melmelLocation.gpx */,
				965AEF791CE9529700D2BB0A /* MapKit.framework */,
				967E73C11CD72D0100A63BFB /* Uitilities */,
				96FC17501CAE387B002F8817 /* Model */,
				96BF58131CAA4B77006D6CB6 /* View */,
				96BF58101CAA4A02006D6CB6 /* Controller */,
				96BF580D1CAA4589006D6CB6 /* Assets */,
				964F4C7F1CA4CF7B00C69B71 /* Melmel */,
				964F4C961CA4CF7B00C69B71 /* MelmelTests */,
				964F4CA11CA4CF7B00C69B71 /* MelmelUITests */,
				964F4C7E1CA4CF7B00C69B71 /* Products */,
			);
			sourceTree = "<group>";
		};
		964F4C7E1CA4CF7B00C69B71 /* Products */ = {
			isa = PBXGroup;
			children = (
				964F4C7D1CA4CF7B00C69B71 /* Melmel.app */,
				964F4C931CA4CF7B00C69B71 /* MelmelTests.xctest */,
				964F4C9E1CA4CF7B00C69B71 /* MelmelUITests.xctest */,
			);
			name = Products;
			sourceTree = "<group>";
		};
		964F4C7F1CA4CF7B00C69B71 /* Melmel */ = {
			isa = PBXGroup;
			children = (
				964F4C801CA4CF7B00C69B71 /* AppDelegate.swift */,
				96FC174D1CAE2CA5002F8817 /* Melmel.xcdatamodeld */,
				964F4C841CA4CF7B00C69B71 /* SecondViewController.swift */,
				964F4C861CA4CF7B00C69B71 /* Main.storyboard */,
				964F4C891CA4CF7B00C69B71 /* Assets.xcassets */,
				964F4C8B1CA4CF7B00C69B71 /* LaunchScreen.storyboard */,
				964F4C8E1CA4CF7B00C69B71 /* Info.plist */,
			);
			path = Melmel;
			sourceTree = "<group>";
		};
		964F4C961CA4CF7B00C69B71 /* MelmelTests */ = {
			isa = PBXGroup;
			children = (
				964F4C971CA4CF7B00C69B71 /* MelmelTests.swift */,
				964F4C991CA4CF7B00C69B71 /* Info.plist */,
			);
			path = MelmelTests;
			sourceTree = "<group>";
		};
		964F4CA11CA4CF7B00C69B71 /* MelmelUITests */ = {
			isa = PBXGroup;
			children = (
				964F4CA21CA4CF7B00C69B71 /* MelmelUITests.swift */,
				964F4CA41CA4CF7B00C69B71 /* Info.plist */,
			);
			path = MelmelUITests;
			sourceTree = "<group>";
		};
		967E73C11CD72D0100A63BFB /* Uitilities */ = {
			isa = PBXGroup;
			children = (
				967E73C21CD72D1800A63BFB /* APIHelper.swift */,
				966E8B311CDF603D004C4260 /* PostsUpdateUtility.swift */,
				962124971CE03E8000DB4A37 /* FileDownloader.swift */,
				961633C91CE2B93400628B74 /* DateFormatter.swift */,
				96BE5A091CEFED6200C6BC3D /* PhotoOperations.swift */,
			);
			name = Uitilities;
			sourceTree = "<group>";
		};
		96BF580D1CAA4589006D6CB6 /* Assets */ = {
			isa = PBXGroup;
			children = (
				965AEF811CE986EC00D2BB0A /* LOGO-retina.png */,
				96BF580E1CAA46D0006D6CB6 /* woolworths-fresh-produce-section-instore.jpg */,
			);
			name = Assets;
			sourceTree = "<group>";
		};
		96BF58101CAA4A02006D6CB6 /* Controller */ = {
			isa = PBXGroup;
			children = (
				96E988181CAB6141005E9E68 /* MelGuideTableViewController.swift */,
				966E8B331CDF6C8D004C4260 /* PostWebViewController.swift */,
				965AEF7D1CE955B200D2BB0A /* MapViewCtrl.swift */,
			);
			name = Controller;
			sourceTree = "<group>";
		};
		96BF58131CAA4B77006D6CB6 /* View */ = {
			isa = PBXGroup;
			children = (
				96BF58111CAA4B72006D6CB6 /* MelGuideTableViewCell.swift */,
			);
			name = View;
			sourceTree = "<group>";
		};
		96FC17501CAE387B002F8817 /* Model */ = {
			isa = PBXGroup;
			children = (
				96F56B471CF049A2009E2F0B /* Post+CoreDataProperties.swift */,
				965488401CEAB5F30009AF14 /* DiscountAnnotation.swift */,
				965AEF871CE9ACA800D2BB0A /* Discount+CoreDataProperties.swift */,
				965AEF881CE9ACA800D2BB0A /* Discount.swift */,
				96CB14EC1CE46047006B5DD1 /* Media+CoreDataProperties.swift */,
				96CB14ED1CE46047006B5DD1 /* Media.swift */,
				96BAECF61CE21410008B3B70 /* Post.swift */,
			);
			name = Model;
			sourceTree = "<group>";
		};
/* End PBXGroup section */

/* Begin PBXNativeTarget section */
		964F4C7C1CA4CF7B00C69B71 /* Melmel */ = {
			isa = PBXNativeTarget;
			buildConfigurationList = 964F4CA71CA4CF7B00C69B71 /* Build configuration list for PBXNativeTarget "Melmel" */;
			buildPhases = (
				964F4C791CA4CF7B00C69B71 /* Sources */,
				964F4C7A1CA4CF7B00C69B71 /* Frameworks */,
				964F4C7B1CA4CF7B00C69B71 /* Resources */,
			);
			buildRules = (
			);
			dependencies = (
			);
			name = Melmel;
			productName = Melmel;
			productReference = 964F4C7D1CA4CF7B00C69B71 /* Melmel.app */;
			productType = "com.apple.product-type.application";
		};
		964F4C921CA4CF7B00C69B71 /* MelmelTests */ = {
			isa = PBXNativeTarget;
			buildConfigurationList = 964F4CAA1CA4CF7B00C69B71 /* Build configuration list for PBXNativeTarget "MelmelTests" */;
			buildPhases = (
				964F4C8F1CA4CF7B00C69B71 /* Sources */,
				964F4C901CA4CF7B00C69B71 /* Frameworks */,
				964F4C911CA4CF7B00C69B71 /* Resources */,
			);
			buildRules = (
			);
			dependencies = (
				964F4C951CA4CF7B00C69B71 /* PBXTargetDependency */,
			);
			name = MelmelTests;
			productName = MelmelTests;
			productReference = 964F4C931CA4CF7B00C69B71 /* MelmelTests.xctest */;
			productType = "com.apple.product-type.bundle.unit-test";
		};
		964F4C9D1CA4CF7B00C69B71 /* MelmelUITests */ = {
			isa = PBXNativeTarget;
			buildConfigurationList = 964F4CAD1CA4CF7B00C69B71 /* Build configuration list for PBXNativeTarget "MelmelUITests" */;
			buildPhases = (
				964F4C9A1CA4CF7B00C69B71 /* Sources */,
				964F4C9B1CA4CF7B00C69B71 /* Frameworks */,
				964F4C9C1CA4CF7B00C69B71 /* Resources */,
			);
			buildRules = (
			);
			dependencies = (
				964F4CA01CA4CF7B00C69B71 /* PBXTargetDependency */,
			);
			name = MelmelUITests;
			productName = MelmelUITests;
			productReference = 964F4C9E1CA4CF7B00C69B71 /* MelmelUITests.xctest */;
			productType = "com.apple.product-type.bundle.ui-testing";
		};
/* End PBXNativeTarget section */

/* Begin PBXProject section */
		964F4C751CA4CF7B00C69B71 /* Project object */ = {
			isa = PBXProject;
			attributes = {
				LastSwiftUpdateCheck = 0730;
				LastUpgradeCheck = 0730;
				ORGANIZATIONNAME = Melmel;
				TargetAttributes = {
					964F4C7C1CA4CF7B00C69B71 = {
						CreatedOnToolsVersion = 7.3;
						SystemCapabilities = {
							com.apple.Maps.iOS = {
								enabled = 1;
							};
						};
					};
					964F4C921CA4CF7B00C69B71 = {
						CreatedOnToolsVersion = 7.3;
						TestTargetID = 964F4C7C1CA4CF7B00C69B71;
					};
					964F4C9D1CA4CF7B00C69B71 = {
						CreatedOnToolsVersion = 7.3;
						TestTargetID = 964F4C7C1CA4CF7B00C69B71;
					};
				};
			};
			buildConfigurationList = 964F4C781CA4CF7B00C69B71 /* Build configuration list for PBXProject "Melmel" */;
			compatibilityVersion = "Xcode 3.2";
			developmentRegion = English;
			hasScannedForEncodings = 0;
			knownRegions = (
				en,
				Base,
			);
			mainGroup = 964F4C741CA4CF7B00C69B71;
			productRefGroup = 964F4C7E1CA4CF7B00C69B71 /* Products */;
			projectDirPath = "";
			projectRoot = "";
			targets = (
				964F4C7C1CA4CF7B00C69B71 /* Melmel */,
				964F4C921CA4CF7B00C69B71 /* MelmelTests */,
				964F4C9D1CA4CF7B00C69B71 /* MelmelUITests */,
			);
		};
/* End PBXProject section */

/* Begin PBXResourcesBuildPhase section */
		964F4C7B1CA4CF7B00C69B71 /* Resources */ = {
			isa = PBXResourcesBuildPhase;
			buildActionMask = 2147483647;
			files = (
				964F4C8D1CA4CF7B00C69B71 /* LaunchScreen.storyboard in Resources */,
				964F4C8A1CA4CF7B00C69B71 /* Assets.xcassets in Resources */,
				965AEF801CE959D800D2BB0A /* melmelLocation.gpx in Resources */,
				96BF580F1CAA46D0006D6CB6 /* woolworths-fresh-produce-section-instore.jpg in Resources */,
				964F4C881CA4CF7B00C69B71 /* Main.storyboard in Resources */,
				965AEF821CE986ED00D2BB0A /* LOGO-retina.png in Resources */,
			);
			runOnlyForDeploymentPostprocessing = 0;
		};
		964F4C911CA4CF7B00C69B71 /* Resources */ = {
			isa = PBXResourcesBuildPhase;
			buildActionMask = 2147483647;
			files = (
			);
			runOnlyForDeploymentPostprocessing = 0;
		};
		964F4C9C1CA4CF7B00C69B71 /* Resources */ = {
			isa = PBXResourcesBuildPhase;
			buildActionMask = 2147483647;
			files = (
			);
			runOnlyForDeploymentPostprocessing = 0;
		};
/* End PBXResourcesBuildPhase section */

/* Begin PBXSourcesBuildPhase section */
		964F4C791CA4CF7B00C69B71 /* Sources */ = {
			isa = PBXSourcesBuildPhase;
			buildActionMask = 2147483647;
			files = (
				965AEF8A1CE9ACA800D2BB0A /* Discount.swift in Sources */,
				965AEF891CE9ACA800D2BB0A /* Discount+CoreDataProperties.swift in Sources */,
				966E8B321CDF603D004C4260 /* PostsUpdateUtility.swift in Sources */,
				965488411CEAB5F30009AF14 /* DiscountAnnotation.swift in Sources */,
				965AEF7E1CE955B200D2BB0A /* MapViewCtrl.swift in Sources */,
				96BAECFA1CE21410008B3B70 /* Post.swift in Sources */,
				96CB14EF1CE46047006B5DD1 /* Media.swift in Sources */,
				964F4C851CA4CF7B00C69B71 /* SecondViewController.swift in Sources */,
				96BF58121CAA4B72006D6CB6 /* MelGuideTableViewCell.swift in Sources */,
				962124981CE03E8000DB4A37 /* FileDownloader.swift in Sources */,
				967E73C31CD72D1800A63BFB /* APIHelper.swift in Sources */,
				964F4C811CA4CF7B00C69B71 /* AppDelegate.swift in Sources */,
				966E8B341CDF6C8D004C4260 /* PostWebViewController.swift in Sources */,
				96CB14EE1CE46047006B5DD1 /* Media+CoreDataProperties.swift in Sources */,
				96F56B481CF049A2009E2F0B /* Post+CoreDataProperties.swift in Sources */,
				961633CA1CE2B93400628B74 /* DateFormatter.swift in Sources */,
				96E988191CAB6141005E9E68 /* MelGuideTableViewController.swift in Sources */,
				96BE5A0A1CEFED6200C6BC3D /* PhotoOperations.swift in Sources */,
				96FC174F1CAE2CA5002F8817 /* Melmel.xcdatamodeld in Sources */,
			);
			runOnlyForDeploymentPostprocessing = 0;
		};
		964F4C8F1CA4CF7B00C69B71 /* Sources */ = {
			isa = PBXSourcesBuildPhase;
			buildActionMask = 2147483647;
			files = (
				964F4C981CA4CF7B00C69B71 /* MelmelTests.swift in Sources */,
			);
			runOnlyForDeploymentPostprocessing = 0;
		};
		964F4C9A1CA4CF7B00C69B71 /* Sources */ = {
			isa = PBXSourcesBuildPhase;
			buildActionMask = 2147483647;
			files = (
				964F4CA31CA4CF7B00C69B71 /* MelmelUITests.swift in Sources */,
			);
			runOnlyForDeploymentPostprocessing = 0;
		};
/* End PBXSourcesBuildPhase section */

/* Begin PBXTargetDependency section */
		964F4C951CA4CF7B00C69B71 /* PBXTargetDependency */ = {
			isa = PBXTargetDependency;
			target = 964F4C7C1CA4CF7B00C69B71 /* Melmel */;
			targetProxy = 964F4C941CA4CF7B00C69B71 /* PBXContainerItemProxy */;
		};
		964F4CA01CA4CF7B00C69B71 /* PBXTargetDependency */ = {
			isa = PBXTargetDependency;
			target = 964F4C7C1CA4CF7B00C69B71 /* Melmel */;
			targetProxy = 964F4C9F1CA4CF7B00C69B71 /* PBXContainerItemProxy */;
		};
/* End PBXTargetDependency section */

/* Begin PBXVariantGroup section */
		964F4C861CA4CF7B00C69B71 /* Main.storyboard */ = {
			isa = PBXVariantGroup;
			children = (
				964F4C871CA4CF7B00C69B71 /* Base */,
			);
			name = Main.storyboard;
			sourceTree = "<group>";
		};
		964F4C8B1CA4CF7B00C69B71 /* LaunchScreen.storyboard */ = {
			isa = PBXVariantGroup;
			children = (
				964F4C8C1CA4CF7B00C69B71 /* Base */,
			);
			name = LaunchScreen.storyboard;
			sourceTree = "<group>";
		};
/* End PBXVariantGroup section */

/* Begin XCBuildConfiguration section */
		964F4CA51CA4CF7B00C69B71 /* Debug */ = {
			isa = XCBuildConfiguration;
			buildSettings = {
				ALWAYS_SEARCH_USER_PATHS = NO;
				CLANG_ANALYZER_NONNULL = YES;
				CLANG_CXX_LANGUAGE_STANDARD = "gnu++0x";
				CLANG_CXX_LIBRARY = "libc++";
				CLANG_ENABLE_MODULES = YES;
				CLANG_ENABLE_OBJC_ARC = YES;
				CLANG_WARN_BOOL_CONVERSION = YES;
				CLANG_WARN_CONSTANT_CONVERSION = YES;
				CLANG_WARN_DIRECT_OBJC_ISA_USAGE = YES_ERROR;
				CLANG_WARN_EMPTY_BODY = YES;
				CLANG_WARN_ENUM_CONVERSION = YES;
				CLANG_WARN_INT_CONVERSION = YES;
				CLANG_WARN_OBJC_ROOT_CLASS = YES_ERROR;
				CLANG_WARN_UNREACHABLE_CODE = YES;
				CLANG_WARN__DUPLICATE_METHOD_MATCH = YES;
				"CODE_SIGN_IDENTITY[sdk=iphoneos*]" = "iPhone Developer";
				COPY_PHASE_STRIP = NO;
				DEBUG_INFORMATION_FORMAT = dwarf;
				ENABLE_STRICT_OBJC_MSGSEND = YES;
				ENABLE_TESTABILITY = YES;
				GCC_C_LANGUAGE_STANDARD = gnu99;
				GCC_DYNAMIC_NO_PIC = NO;
				GCC_NO_COMMON_BLOCKS = YES;
				GCC_OPTIMIZATION_LEVEL = 0;
				GCC_PREPROCESSOR_DEFINITIONS = (
					"DEBUG=1",
					"$(inherited)",
				);
				GCC_WARN_64_TO_32_BIT_CONVERSION = YES;
				GCC_WARN_ABOUT_RETURN_TYPE = YES_ERROR;
				GCC_WARN_UNDECLARED_SELECTOR = YES;
				GCC_WARN_UNINITIALIZED_AUTOS = YES_AGGRESSIVE;
				GCC_WARN_UNUSED_FUNCTION = YES;
				GCC_WARN_UNUSED_VARIABLE = YES;
				IPHONEOS_DEPLOYMENT_TARGET = 9.3;
				MTL_ENABLE_DEBUG_INFO = YES;
				ONLY_ACTIVE_ARCH = YES;
				SDKROOT = iphoneos;
				SWIFT_OPTIMIZATION_LEVEL = "-Onone";
				TARGETED_DEVICE_FAMILY = "1,2";
			};
			name = Debug;
		};
		964F4CA61CA4CF7B00C69B71 /* Release */ = {
			isa = XCBuildConfiguration;
			buildSettings = {
				ALWAYS_SEARCH_USER_PATHS = NO;
				CLANG_ANALYZER_NONNULL = YES;
				CLANG_CXX_LANGUAGE_STANDARD = "gnu++0x";
				CLANG_CXX_LIBRARY = "libc++";
				CLANG_ENABLE_MODULES = YES;
				CLANG_ENABLE_OBJC_ARC = YES;
				CLANG_WARN_BOOL_CONVERSION = YES;
				CLANG_WARN_CONSTANT_CONVERSION = YES;
				CLANG_WARN_DIRECT_OBJC_ISA_USAGE = YES_ERROR;
				CLANG_WARN_EMPTY_BODY = YES;
				CLANG_WARN_ENUM_CONVERSION = YES;
				CLANG_WARN_INT_CONVERSION = YES;
				CLANG_WARN_OBJC_ROOT_CLASS = YES_ERROR;
				CLANG_WARN_UNREACHABLE_CODE = YES;
				CLANG_WARN__DUPLICATE_METHOD_MATCH = YES;
				"CODE_SIGN_IDENTITY[sdk=iphoneos*]" = "iPhone Developer";
				COPY_PHASE_STRIP = NO;
				DEBUG_INFORMATION_FORMAT = "dwarf-with-dsym";
				ENABLE_NS_ASSERTIONS = NO;
				ENABLE_STRICT_OBJC_MSGSEND = YES;
				GCC_C_LANGUAGE_STANDARD = gnu99;
				GCC_NO_COMMON_BLOCKS = YES;
				GCC_WARN_64_TO_32_BIT_CONVERSION = YES;
				GCC_WARN_ABOUT_RETURN_TYPE = YES_ERROR;
				GCC_WARN_UNDECLARED_SELECTOR = YES;
				GCC_WARN_UNINITIALIZED_AUTOS = YES_AGGRESSIVE;
				GCC_WARN_UNUSED_FUNCTION = YES;
				GCC_WARN_UNUSED_VARIABLE = YES;
				IPHONEOS_DEPLOYMENT_TARGET = 9.3;
				MTL_ENABLE_DEBUG_INFO = NO;
				SDKROOT = iphoneos;
				TARGETED_DEVICE_FAMILY = "1,2";
				VALIDATE_PRODUCT = YES;
			};
			name = Release;
		};
		964F4CA81CA4CF7B00C69B71 /* Debug */ = {
			isa = XCBuildConfiguration;
			buildSettings = {
				ASSETCATALOG_COMPILER_APPICON_NAME = AppIcon;
				INFOPLIST_FILE = Melmel/Info.plist;
				LD_RUNPATH_SEARCH_PATHS = "$(inherited) @executable_path/Frameworks";
				PRODUCT_BUNDLE_IDENTIFIER = Melmel.Melmel;
				PRODUCT_NAME = "$(TARGET_NAME)";
			};
			name = Debug;
		};
		964F4CA91CA4CF7B00C69B71 /* Release */ = {
			isa = XCBuildConfiguration;
			buildSettings = {
				ASSETCATALOG_COMPILER_APPICON_NAME = AppIcon;
				INFOPLIST_FILE = Melmel/Info.plist;
				LD_RUNPATH_SEARCH_PATHS = "$(inherited) @executable_path/Frameworks";
				PRODUCT_BUNDLE_IDENTIFIER = Melmel.Melmel;
				PRODUCT_NAME = "$(TARGET_NAME)";
			};
			name = Release;
		};
		964F4CAB1CA4CF7B00C69B71 /* Debug */ = {
			isa = XCBuildConfiguration;
			buildSettings = {
				BUNDLE_LOADER = "$(TEST_HOST)";
				INFOPLIST_FILE = MelmelTests/Info.plist;
				LD_RUNPATH_SEARCH_PATHS = "$(inherited) @executable_path/Frameworks @loader_path/Frameworks";
				PRODUCT_BUNDLE_IDENTIFIER = Melmel.MelmelTests;
				PRODUCT_NAME = "$(TARGET_NAME)";
				TEST_HOST = "$(BUILT_PRODUCTS_DIR)/Melmel.app/Melmel";
			};
			name = Debug;
		};
		964F4CAC1CA4CF7B00C69B71 /* Release */ = {
			isa = XCBuildConfiguration;
			buildSettings = {
				BUNDLE_LOADER = "$(TEST_HOST)";
				INFOPLIST_FILE = MelmelTests/Info.plist;
				LD_RUNPATH_SEARCH_PATHS = "$(inherited) @executable_path/Frameworks @loader_path/Frameworks";
				PRODUCT_BUNDLE_IDENTIFIER = Melmel.MelmelTests;
				PRODUCT_NAME = "$(TARGET_NAME)";
				TEST_HOST = "$(BUILT_PRODUCTS_DIR)/Melmel.app/Melmel";
			};
			name = Release;
		};
		964F4CAE1CA4CF7B00C69B71 /* Debug */ = {
			isa = XCBuildConfiguration;
			buildSettings = {
				INFOPLIST_FILE = MelmelUITests/Info.plist;
				LD_RUNPATH_SEARCH_PATHS = "$(inherited) @executable_path/Frameworks @loader_path/Frameworks";
				PRODUCT_BUNDLE_IDENTIFIER = Melmel.MelmelUITests;
				PRODUCT_NAME = "$(TARGET_NAME)";
				TEST_TARGET_NAME = Melmel;
			};
			name = Debug;
		};
		964F4CAF1CA4CF7B00C69B71 /* Release */ = {
			isa = XCBuildConfiguration;
			buildSettings = {
				INFOPLIST_FILE = MelmelUITests/Info.plist;
				LD_RUNPATH_SEARCH_PATHS = "$(inherited) @executable_path/Frameworks @loader_path/Frameworks";
				PRODUCT_BUNDLE_IDENTIFIER = Melmel.MelmelUITests;
				PRODUCT_NAME = "$(TARGET_NAME)";
				TEST_TARGET_NAME = Melmel;
			};
			name = Release;
		};
/* End XCBuildConfiguration section */

/* Begin XCConfigurationList section */
		964F4C781CA4CF7B00C69B71 /* Build configuration list for PBXProject "Melmel" */ = {
			isa = XCConfigurationList;
			buildConfigurations = (
				964F4CA51CA4CF7B00C69B71 /* Debug */,
				964F4CA61CA4CF7B00C69B71 /* Release */,
			);
			defaultConfigurationIsVisible = 0;
			defaultConfigurationName = Release;
		};
		964F4CA71CA4CF7B00C69B71 /* Build configuration list for PBXNativeTarget "Melmel" */ = {
			isa = XCConfigurationList;
			buildConfigurations = (
				964F4CA81CA4CF7B00C69B71 /* Debug */,
				964F4CA91CA4CF7B00C69B71 /* Release */,
			);
			defaultConfigurationIsVisible = 0;
			defaultConfigurationName = Release;
		};
		964F4CAA1CA4CF7B00C69B71 /* Build configuration list for PBXNativeTarget "MelmelTests" */ = {
			isa = XCConfigurationList;
			buildConfigurations = (
				964F4CAB1CA4CF7B00C69B71 /* Debug */,
				964F4CAC1CA4CF7B00C69B71 /* Release */,
			);
			defaultConfigurationIsVisible = 0;
			defaultConfigurationName = Release;
		};
		964F4CAD1CA4CF7B00C69B71 /* Build configuration list for PBXNativeTarget "MelmelUITests" */ = {
			isa = XCConfigurationList;
			buildConfigurations = (
				964F4CAE1CA4CF7B00C69B71 /* Debug */,
				964F4CAF1CA4CF7B00C69B71 /* Release */,
			);
			defaultConfigurationIsVisible = 0;
			defaultConfigurationName = Release;
		};
/* End XCConfigurationList section */

/* Begin XCVersionGroup section */
		96FC174D1CAE2CA5002F8817 /* Melmel.xcdatamodeld */ = {
			isa = XCVersionGroup;
			children = (
				96FC174E1CAE2CA5002F8817 /* Melmel.xcdatamodel */,
			);
			currentVersion = 96FC174E1CAE2CA5002F8817 /* Melmel.xcdatamodel */;
			path = Melmel.xcdatamodeld;
			sourceTree = "<group>";
			versionGroupType = wrapper.xcdatamodel;
		};
/* End XCVersionGroup section */
	};
	rootObject = 964F4C751CA4CF7B00C69B71 /* Project object */;
}
